
Microsoft Visual Studio Solution File, Format Version 12.00
# Visual Studio Version 16
VisualStudioVersion = 16.0.29326.143
MinimumVisualStudioVersion = 10.0.40219.1
Project("{FAE04EC0-301F-11D3-BF4B-00C04F79EFBC}") = "css-portal", "css-portal.csproj", "{DCAD27FB-BF9C-4686-89B1-E0D6575F5F41}"
EndProject
Global
	GlobalSection(SolutionConfigurationPlatforms) = preSolution
		Debug|Any CPU = Debug|Any CPU
		Release|Any CPU = Release|Any CPU
	EndGlobalSection
	GlobalSection(ProjectConfigurationPlatforms) = postSolution
		{DCAD27FB-BF9C-4686-89B1-E0D6575F5F41}.Debug|Any CPU.ActiveCfg = Debug|Any CPU
		{DCAD27FB-BF9C-4686-89B1-E0D6575F5F41}.Debug|Any CPU.Build.0 = Debug|Any CPU
		{DCAD27FB-BF9C-4686-89B1-E0D6575F5F41}.Release|Any CPU.ActiveCfg = Release|Any CPU
		{DCAD27FB-BF9C-4686-89B1-E0D6575F5F41}.Release|Any CPU.Build.0 = Release|Any CPU
	EndGlobalSection
	GlobalSection(SolutionProperties) = preSolution
		HideSolutionNode = FALSE
	EndGlobalSection
	GlobalSection(ExtensibilityGlobals) = postSolution
		SolutionGuid = {F5AC6BA8-EA98-4926-A073-94A0DBC2B6BD}
	EndGlobalSection
EndGlobal
